
Microsoft Visual Studio Solution File, Format Version 12.00
# Visual Studio 2012
Project("{DFE334BF-3243-4939-BD9E-045170645703}") = "oscript-ssh", "oscript-ssh\oscript-ssh.csproj", "{D0415022-7655-4764-BFD8-D5E0616C2BB2}"
EndProject
Project("{DFE334BF-3243-4939-BD9E-045170645703}") = "TestApp", "TestApp\TestApp.csproj", "{4EA8C040-413C-4289-9C75-FF1306DD0560}"
EndProject
Project("{DFE334BF-3243-4939-BD9E-045170645703}") = "NUnitTests", "NUnitTests\NUnitTests.csproj", "{105A994F-2E45-4698-9CDD-8C0C16B8CFA5}"
EndProject
Global
	GlobalSection(SolutionConfigurationPlatforms) = preSolution
		Debug|Any CPU = Debug|Any CPU
		Release|Any CPU = Release|Any CPU
	EndGlobalSection
	GlobalSection(ProjectConfigurationPlatforms) = postSolution
		{D0415022-7655-4764-BFD8-D5E0616C2BB2}.Debug|Any CPU.ActiveCfg = Debug|Any CPU
		{D0415022-7655-4764-BFD8-D5E0616C2BB2}.Debug|Any CPU.Build.0 = Debug|Any CPU
		{D0415022-7655-4764-BFD8-D5E0616C2BB2}.Release|Any CPU.ActiveCfg = Release|Any CPU
		{D0415022-7655-4764-BFD8-D5E0616C2BB2}.Release|Any CPU.Build.0 = Release|Any CPU
		{4EA8C040-413C-4289-9C75-FF1306DD0560}.Debug|Any CPU.ActiveCfg = Debug|Any CPU
		{4EA8C040-413C-4289-9C75-FF1306DD0560}.Debug|Any CPU.Build.0 = Debug|Any CPU
		{4EA8C040-413C-4289-9C75-FF1306DD0560}.Release|Any CPU.ActiveCfg = Release|Any CPU
		{4EA8C040-413C-4289-9C75-FF1306DD0560}.Release|Any CPU.Build.0 = Release|Any CPU
		{105A994F-2E45-4698-9CDD-8C0C16B8CFA5}.Debug|Any CPU.ActiveCfg = Debug|Any CPU
		{105A994F-2E45-4698-9CDD-8C0C16B8CFA5}.Debug|Any CPU.Build.0 = Debug|Any CPU
		{105A994F-2E45-4698-9CDD-8C0C16B8CFA5}.Release|Any CPU.ActiveCfg = Release|Any CPU
		{105A994F-2E45-4698-9CDD-8C0C16B8CFA5}.Release|Any CPU.Build.0 = Release|Any CPU
	EndGlobalSection
EndGlobal
